// !$*UTF8*$!
{
	archiveVersion = 1;
	classes = {
	};
	objectVersion = 56;
	objects = {

/* Begin PBXBuildFile section */
		179782242B3B29F000F440E1 /* ChristmasCardApp.swift in Sources */ = {isa = PBXBuildFile; fileRef = 179782232B3B29F000F440E1 /* ChristmasCardApp.swift */; };
		179782282B3B29F200F440E1 /* Assets.xcassets in Resources */ = {isa = PBXBuildFile; fileRef = 179782272B3B29F200F440E1 /* Assets.xcassets */; };
		1797822B2B3B29F200F440E1 /* Preview Assets.xcassets in Resources */ = {isa = PBXBuildFile; fileRef = 1797822A2B3B29F200F440E1 /* Preview Assets.xcassets */; };
		179782352B3B29F200F440E1 /* ChristmasCardTests.swift in Sources */ = {isa = PBXBuildFile; fileRef = 179782342B3B29F200F440E1 /* ChristmasCardTests.swift */; };
		1797823F2B3B29F200F440E1 /* ChristmasCardUITests.swift in Sources */ = {isa = PBXBuildFile; fileRef = 1797823E2B3B29F200F440E1 /* ChristmasCardUITests.swift */; };
		179782412B3B29F200F440E1 /* ChristmasCardUITestsLaunchTests.swift in Sources */ = {isa = PBXBuildFile; fileRef = 179782402B3B29F200F440E1 /* ChristmasCardUITestsLaunchTests.swift */; };
		1797824E2B3B2A2D00F440E1 /* StartingView.swift in Sources */ = {isa = PBXBuildFile; fileRef = 1797824D2B3B2A2D00F440E1 /* StartingView.swift */; };
		179782512B3B2B0E00F440E1 /* ChristmasCardView.swift in Sources */ = {isa = PBXBuildFile; fileRef = 179782502B3B2B0E00F440E1 /* ChristmasCardView.swift */; };
		179782532B3B2B3B00F440E1 /* ImageName.swift in Sources */ = {isa = PBXBuildFile; fileRef = 179782522B3B2B3B00F440E1 /* ImageName.swift */; };
/* End PBXBuildFile section */

/* Begin PBXContainerItemProxy section */
		179782312B3B29F200F440E1 /* PBXContainerItemProxy */ = {
			isa = PBXContainerItemProxy;
			containerPortal = 179782182B3B29F000F440E1 /* Project object */;
			proxyType = 1;
			remoteGlobalIDString = 1797821F2B3B29F000F440E1;
			remoteInfo = ChristmasCard;
		};
		1797823B2B3B29F200F440E1 /* PBXContainerItemProxy */ = {
			isa = PBXContainerItemProxy;
			containerPortal = 179782182B3B29F000F440E1 /* Project object */;
			proxyType = 1;
			remoteGlobalIDString = 1797821F2B3B29F000F440E1;
			remoteInfo = ChristmasCard;
		};
/* End PBXContainerItemProxy section */

/* Begin PBXFileReference section */
		179782202B3B29F000F440E1 /* ChristmasCard.app */ = {isa = PBXFileReference; explicitFileType = wrapper.application; includeInIndex = 0; path = ChristmasCard.app; sourceTree = BUILT_PRODUCTS_DIR; };
		179782232B3B29F000F440E1 /* ChristmasCardApp.swift */ = {isa = PBXFileReference; lastKnownFileType = sourcecode.swift; path = ChristmasCardApp.swift; sourceTree = "<group>"; };
		179782272B3B29F200F440E1 /* Assets.xcassets */ = {isa = PBXFileReference; lastKnownFileType = folder.assetcatalog; path = Assets.xcassets; sourceTree = "<group>"; };
		1797822A2B3B29F200F440E1 /* Preview Assets.xcassets */ = {isa = PBXFileReference; lastKnownFileType = folder.assetcatalog; path = "Preview Assets.xcassets"; sourceTree = "<group>"; };
		179782302B3B29F200F440E1 /* ChristmasCardTests.xctest */ = {isa = PBXFileReference; explicitFileType = wrapper.cfbundle; includeInIndex = 0; path = ChristmasCardTests.xctest; sourceTree = BUILT_PRODUCTS_DIR; };
		179782342B3B29F200F440E1 /* ChristmasCardTests.swift */ = {isa = PBXFileReference; lastKnownFileType = sourcecode.swift; path = ChristmasCardTests.swift; sourceTree = "<group>"; };
		1797823A2B3B29F200F440E1 /* ChristmasCardUITests.xctest */ = {isa = PBXFileReference; explicitFileType = wrapper.cfbundle; includeInIndex = 0; path = ChristmasCardUITests.xctest; sourceTree = BUILT_PRODUCTS_DIR; };
		1797823E2B3B29F200F440E1 /* ChristmasCardUITests.swift */ = {isa = PBXFileReference; lastKnownFileType = sourcecode.swift; path = ChristmasCardUITests.swift; sourceTree = "<group>"; };
		179782402B3B29F200F440E1 /* ChristmasCardUITestsLaunchTests.swift */ = {isa = PBXFileReference; lastKnownFileType = sourcecode.swift; path = ChristmasCardUITestsLaunchTests.swift; sourceTree = "<group>"; };
		1797824D2B3B2A2D00F440E1 /* StartingView.swift */ = {isa = PBXFileReference; lastKnownFileType = sourcecode.swift; path = StartingView.swift; sourceTree = "<group>"; };
		179782502B3B2B0E00F440E1 /* ChristmasCardView.swift */ = {isa = PBXFileReference; lastKnownFileType = sourcecode.swift; path = ChristmasCardView.swift; sourceTree = "<group>"; };
		179782522B3B2B3B00F440E1 /* ImageName.swift */ = {isa = PBXFileReference; lastKnownFileType = sourcecode.swift; path = ImageName.swift; sourceTree = "<group>"; };
/* End PBXFileReference section */

/* Begin PBXFrameworksBuildPhase section */
		1797821D2B3B29F000F440E1 /* Frameworks */ = {
			isa = PBXFrameworksBuildPhase;
			buildActionMask = 2147483647;
			files = (
			);
			runOnlyForDeploymentPostprocessing = 0;
		};
		1797822D2B3B29F200F440E1 /* Frameworks */ = {
			isa = PBXFrameworksBuildPhase;
			buildActionMask = 2147483647;
			files = (
			);
			runOnlyForDeploymentPostprocessing = 0;
		};
		179782372B3B29F200F440E1 /* Frameworks */ = {
			isa = PBXFrameworksBuildPhase;
			buildActionMask = 2147483647;
			files = (
			);
			runOnlyForDeploymentPostprocessing = 0;
		};
/* End PBXFrameworksBuildPhase section */

/* Begin PBXGroup section */
		179782172B3B29F000F440E1 = {
			isa = PBXGroup;
			children = (
				179782222B3B29F000F440E1 /* ChristmasCard */,
				179782332B3B29F200F440E1 /* ChristmasCardTests */,
				1797823D2B3B29F200F440E1 /* ChristmasCardUITests */,
				179782212B3B29F000F440E1 /* Products */,
			);
			sourceTree = "<group>";
		};
		179782212B3B29F000F440E1 /* Products */ = {
			isa = PBXGroup;
			children = (
				179782202B3B29F000F440E1 /* ChristmasCard.app */,
				179782302B3B29F200F440E1 /* ChristmasCardTests.xctest */,
				1797823A2B3B29F200F440E1 /* ChristmasCardUITests.xctest */,
			);
			name = Products;
			sourceTree = "<group>";
		};
		179782222B3B29F000F440E1 /* ChristmasCard */ = {
			isa = PBXGroup;
			children = (
				179782232B3B29F000F440E1 /* ChristmasCardApp.swift */,
				179782542B3B2B4100F440E1 /* Enums */,
				1797824F2B3B2A3900F440E1 /* Views */,
				179782272B3B29F200F440E1 /* Assets.xcassets */,
				179782292B3B29F200F440E1 /* Preview Content */,
			);
			path = ChristmasCard;
			sourceTree = "<group>";
		};
		179782292B3B29F200F440E1 /* Preview Content */ = {
			isa = PBXGroup;
			children = (
				1797822A2B3B29F200F440E1 /* Preview Assets.xcassets */,
			);
			path = "Preview Content";
			sourceTree = "<group>";
		};
		179782332B3B29F200F440E1 /* ChristmasCardTests */ = {
			isa = PBXGroup;
			children = (
				179782342B3B29F200F440E1 /* ChristmasCardTests.swift */,
			);
			path = ChristmasCardTests;
			sourceTree = "<group>";
		};
		1797823D2B3B29F200F440E1 /* ChristmasCardUITests */ = {
			isa = PBXGroup;
			children = (
				1797823E2B3B29F200F440E1 /* ChristmasCardUITests.swift */,
				179782402B3B29F200F440E1 /* ChristmasCardUITestsLaunchTests.swift */,
			);
			path = ChristmasCardUITests;
			sourceTree = "<group>";
		};
		1797824F2B3B2A3900F440E1 /* Views */ = {
			isa = PBXGroup;
			children = (
				179782502B3B2B0E00F440E1 /* ChristmasCardView.swift */,
				1797824D2B3B2A2D00F440E1 /* StartingView.swift */,
			);
			path = Views;
			sourceTree = "<group>";
		};
		179782542B3B2B4100F440E1 /* Enums */ = {
			isa = PBXGroup;
			children = (
				179782522B3B2B3B00F440E1 /* ImageName.swift */,
			);
			path = Enums;
			sourceTree = "<group>";
		};
/* End PBXGroup section */

/* Begin PBXNativeTarget section */
		1797821F2B3B29F000F440E1 /* ChristmasCard */ = {
			isa = PBXNativeTarget;
			buildConfigurationList = 179782442B3B29F200F440E1 /* Build configuration list for PBXNativeTarget "ChristmasCard" */;
			buildPhases = (
				1797821C2B3B29F000F440E1 /* Sources */,
				1797821D2B3B29F000F440E1 /* Frameworks */,
				1797821E2B3B29F000F440E1 /* Resources */,
			);
			buildRules = (
			);
			dependencies = (
			);
			name = ChristmasCard;
			productName = ChristmasCard;
			productReference = 179782202B3B29F000F440E1 /* ChristmasCard.app */;
			productType = "com.apple.product-type.application";
		};
		1797822F2B3B29F200F440E1 /* ChristmasCardTests */ = {
			isa = PBXNativeTarget;
			buildConfigurationList = 179782472B3B29F200F440E1 /* Build configuration list for PBXNativeTarget "ChristmasCardTests" */;
			buildPhases = (
				1797822C2B3B29F200F440E1 /* Sources */,
				1797822D2B3B29F200F440E1 /* Frameworks */,
				1797822E2B3B29F200F440E1 /* Resources */,
			);
			buildRules = (
			);
			dependencies = (
				179782322B3B29F200F440E1 /* PBXTargetDependency */,
			);
			name = ChristmasCardTests;
			productName = ChristmasCardTests;
			productReference = 179782302B3B29F200F440E1 /* ChristmasCardTests.xctest */;
			productType = "com.apple.product-type.bundle.unit-test";
		};
		179782392B3B29F200F440E1 /* ChristmasCardUITests */ = {
			isa = PBXNativeTarget;
			buildConfigurationList = 1797824A2B3B29F200F440E1 /* Build configuration list for PBXNativeTarget "ChristmasCardUITests" */;
			buildPhases = (
				179782362B3B29F200F440E1 /* Sources */,
				179782372B3B29F200F440E1 /* Frameworks */,
				179782382B3B29F200F440E1 /* Resources */,
			);
			buildRules = (
			);
			dependencies = (
				1797823C2B3B29F200F440E1 /* PBXTargetDependency */,
			);
			name = ChristmasCardUITests;
			productName = ChristmasCardUITests;
			productReference = 1797823A2B3B29F200F440E1 /* ChristmasCardUITests.xctest */;
			productType = "com.apple.product-type.bundle.ui-testing";
		};
/* End PBXNativeTarget section */

/* Begin PBXProject section */
		179782182B3B29F000F440E1 /* Project object */ = {
			isa = PBXProject;
			attributes = {
				BuildIndependentTargetsInParallel = 1;
				LastSwiftUpdateCheck = 1430;
				LastUpgradeCheck = 1430;
				TargetAttributes = {
					1797821F2B3B29F000F440E1 = {
						CreatedOnToolsVersion = 14.3.1;
					};
					1797822F2B3B29F200F440E1 = {
						CreatedOnToolsVersion = 14.3.1;
						TestTargetID = 1797821F2B3B29F000F440E1;
					};
					179782392B3B29F200F440E1 = {
						CreatedOnToolsVersion = 14.3.1;
						TestTargetID = 1797821F2B3B29F000F440E1;
					};
				};
			};
			buildConfigurationList = 1797821B2B3B29F000F440E1 /* Build configuration list for PBXProject "ChristmasCard" */;
			compatibilityVersion = "Xcode 14.0";
			developmentRegion = en;
			hasScannedForEncodings = 0;
			knownRegions = (
				en,
				Base,
			);
			mainGroup = 179782172B3B29F000F440E1;
			productRefGroup = 179782212B3B29F000F440E1 /* Products */;
			projectDirPath = "";
			projectRoot = "";
			targets = (
				1797821F2B3B29F000F440E1 /* ChristmasCard */,
				1797822F2B3B29F200F440E1 /* ChristmasCardTests */,
				179782392B3B29F200F440E1 /* ChristmasCardUITests */,
			);
		};
/* End PBXProject section */

/* Begin PBXResourcesBuildPhase section */
		1797821E2B3B29F000F440E1 /* Resources */ = {
			isa = PBXResourcesBuildPhase;
			buildActionMask = 2147483647;
			files = (
				1797822B2B3B29F200F440E1 /* Preview Assets.xcassets in Resources */,
				179782282B3B29F200F440E1 /* Assets.xcassets in Resources */,
			);
			runOnlyForDeploymentPostprocessing = 0;
		};
		1797822E2B3B29F200F440E1 /* Resources */ = {
			isa = PBXResourcesBuildPhase;
			buildActionMask = 2147483647;
			files = (
			);
			runOnlyForDeploymentPostprocessing = 0;
		};
		179782382B3B29F200F440E1 /* Resources */ = {
			isa = PBXResourcesBuildPhase;
			buildActionMask = 2147483647;
			files = (
			);
			runOnlyForDeploymentPostprocessing = 0;
		};
/* End PBXResourcesBuildPhase section */

/* Begin PBXSourcesBuildPhase section */
		1797821C2B3B29F000F440E1 /* Sources */ = {
			isa = PBXSourcesBuildPhase;
			buildActionMask = 2147483647;
			files = (
				179782512B3B2B0E00F440E1 /* ChristmasCardView.swift in Sources */,
				1797824E2B3B2A2D00F440E1 /* StartingView.swift in Sources */,
				179782532B3B2B3B00F440E1 /* ImageName.swift in Sources */,
				179782242B3B29F000F440E1 /* ChristmasCardApp.swift in Sources */,
			);
			runOnlyForDeploymentPostprocessing = 0;
		};
		1797822C2B3B29F200F440E1 /* Sources */ = {
			isa = PBXSourcesBuildPhase;
			buildActionMask = 2147483647;
			files = (
				179782352B3B29F200F440E1 /* ChristmasCardTests.swift in Sources */,
			);
			runOnlyForDeploymentPostprocessing = 0;
		};
		179782362B3B29F200F440E1 /* Sources */ = {
			isa = PBXSourcesBuildPhase;
			buildActionMask = 2147483647;
			files = (
				1797823F2B3B29F200F440E1 /* ChristmasCardUITests.swift in Sources */,
				179782412B3B29F200F440E1 /* ChristmasCardUITestsLaunchTests.swift in Sources */,
			);
			runOnlyForDeploymentPostprocessing = 0;
		};
/* End PBXSourcesBuildPhase section */

/* Begin PBXTargetDependency section */
		179782322B3B29F200F440E1 /* PBXTargetDependency */ = {
			isa = PBXTargetDependency;
			target = 1797821F2B3B29F000F440E1 /* ChristmasCard */;
			targetProxy = 179782312B3B29F200F440E1 /* PBXContainerItemProxy */;
		};
		1797823C2B3B29F200F440E1 /* PBXTargetDependency */ = {
			isa = PBXTargetDependency;
			target = 1797821F2B3B29F000F440E1 /* ChristmasCard */;
			targetProxy = 1797823B2B3B29F200F440E1 /* PBXContainerItemProxy */;
		};
/* End PBXTargetDependency section */

/* Begin XCBuildConfiguration section */
		179782422B3B29F200F440E1 /* Debug */ = {
			isa = XCBuildConfiguration;
			buildSettings = {
				ALWAYS_SEARCH_USER_PATHS = NO;
				CLANG_ANALYZER_NONNULL = YES;
				CLANG_ANALYZER_NUMBER_OBJECT_CONVERSION = YES_AGGRESSIVE;
				CLANG_CXX_LANGUAGE_STANDARD = "gnu++20";
				CLANG_ENABLE_MODULES = YES;
				CLANG_ENABLE_OBJC_ARC = YES;
				CLANG_ENABLE_OBJC_WEAK = YES;
				CLANG_WARN_BLOCK_CAPTURE_AUTORELEASING = YES;
				CLANG_WARN_BOOL_CONVERSION = YES;
				CLANG_WARN_COMMA = YES;
				CLANG_WARN_CONSTANT_CONVERSION = YES;
				CLANG_WARN_DEPRECATED_OBJC_IMPLEMENTATIONS = YES;
				CLANG_WARN_DIRECT_OBJC_ISA_USAGE = YES_ERROR;
				CLANG_WARN_DOCUMENTATION_COMMENTS = YES;
				CLANG_WARN_EMPTY_BODY = YES;
				CLANG_WARN_ENUM_CONVERSION = YES;
				CLANG_WARN_INFINITE_RECURSION = YES;
				CLANG_WARN_INT_CONVERSION = YES;
				CLANG_WARN_NON_LITERAL_NULL_CONVERSION = YES;
				CLANG_WARN_OBJC_IMPLICIT_RETAIN_SELF = YES;
				CLANG_WARN_OBJC_LITERAL_CONVERSION = YES;
				CLANG_WARN_OBJC_ROOT_CLASS = YES_ERROR;
				CLANG_WARN_QUOTED_INCLUDE_IN_FRAMEWORK_HEADER = YES;
				CLANG_WARN_RANGE_LOOP_ANALYSIS = YES;
				CLANG_WARN_STRICT_PROTOTYPES = YES;
				CLANG_WARN_SUSPICIOUS_MOVE = YES;
				CLANG_WARN_UNGUARDED_AVAILABILITY = YES_AGGRESSIVE;
				CLANG_WARN_UNREACHABLE_CODE = YES;
				CLANG_WARN__DUPLICATE_METHOD_MATCH = YES;
				COPY_PHASE_STRIP = NO;
				DEBUG_INFORMATION_FORMAT = dwarf;
				ENABLE_STRICT_OBJC_MSGSEND = YES;
				ENABLE_TESTABILITY = YES;
				GCC_C_LANGUAGE_STANDARD = gnu11;
				GCC_DYNAMIC_NO_PIC = NO;
				GCC_NO_COMMON_BLOCKS = YES;
				GCC_OPTIMIZATION_LEVEL = 0;
				GCC_PREPROCESSOR_DEFINITIONS = (
					"DEBUG=1",
					"$(inherited)",
				);
				GCC_WARN_64_TO_32_BIT_CONVERSION = YES;
				GCC_WARN_ABOUT_RETURN_TYPE = YES_ERROR;
				GCC_WARN_UNDECLARED_SELECTOR = YES;
				GCC_WARN_UNINITIALIZED_AUTOS = YES_AGGRESSIVE;
				GCC_WARN_UNUSED_FUNCTION = YES;
				GCC_WARN_UNUSED_VARIABLE = YES;
				IPHONEOS_DEPLOYMENT_TARGET = 16.4;
				MTL_ENABLE_DEBUG_INFO = INCLUDE_SOURCE;
				MTL_FAST_MATH = YES;
				ONLY_ACTIVE_ARCH = YES;
				SDKROOT = iphoneos;
				SWIFT_ACTIVE_COMPILATION_CONDITIONS = DEBUG;
				SWIFT_OPTIMIZATION_LEVEL = "-Onone";
			};
			name = Debug;
		};
		179782432B3B29F200F440E1 /* Release */ = {
			isa = XCBuildConfiguration;
			buildSettings = {
				ALWAYS_SEARCH_USER_PATHS = NO;
				CLANG_ANALYZER_NONNULL = YES;
				CLANG_ANALYZER_NUMBER_OBJECT_CONVERSION = YES_AGGRESSIVE;
				CLANG_CXX_LANGUAGE_STANDARD = "gnu++20";
				CLANG_ENABLE_MODULES = YES;
				CLANG_ENABLE_OBJC_ARC = YES;
				CLANG_ENABLE_OBJC_WEAK = YES;
				CLANG_WARN_BLOCK_CAPTURE_AUTORELEASING = YES;
				CLANG_WARN_BOOL_CONVERSION = YES;
				CLANG_WARN_COMMA = YES;
				CLANG_WARN_CONSTANT_CONVERSION = YES;
				CLANG_WARN_DEPRECATED_OBJC_IMPLEMENTATIONS = YES;
				CLANG_WARN_DIRECT_OBJC_ISA_USAGE = YES_ERROR;
				CLANG_WARN_DOCUMENTATION_COMMENTS = YES;
				CLANG_WARN_EMPTY_BODY = YES;
				CLANG_WARN_ENUM_CONVERSION = YES;
				CLANG_WARN_INFINITE_RECURSION = YES;
				CLANG_WARN_INT_CONVERSION = YES;
				CLANG_WARN_NON_LITERAL_NULL_CONVERSION = YES;
				CLANG_WARN_OBJC_IMPLICIT_RETAIN_SELF = YES;
				CLANG_WARN_OBJC_LITERAL_CONVERSION = YES;
				CLANG_WARN_OBJC_ROOT_CLASS = YES_ERROR;
				CLANG_WARN_QUOTED_INCLUDE_IN_FRAMEWORK_HEADER = YES;
				CLANG_WARN_RANGE_LOOP_ANALYSIS = YES;
				CLANG_WARN_STRICT_PROTOTYPES = YES;
				CLANG_WARN_SUSPICIOUS_MOVE = YES;
				CLANG_WARN_UNGUARDED_AVAILABILITY = YES_AGGRESSIVE;
				CLANG_WARN_UNREACHABLE_CODE = YES;
				CLANG_WARN__DUPLICATE_METHOD_MATCH = YES;
				COPY_PHASE_STRIP = NO;
				DEBUG_INFORMATION_FORMAT = "dwarf-with-dsym";
				ENABLE_NS_ASSERTIONS = NO;
				ENABLE_STRICT_OBJC_MSGSEND = YES;
				GCC_C_LANGUAGE_STANDARD = gnu11;
				GCC_NO_COMMON_BLOCKS = YES;
				GCC_WARN_64_TO_32_BIT_CONVERSION = YES;
				GCC_WARN_ABOUT_RETURN_TYPE = YES_ERROR;
				GCC_WARN_UNDECLARED_SELECTOR = YES;
				GCC_WARN_UNINITIALIZED_AUTOS = YES_AGGRESSIVE;
				GCC_WARN_UNUSED_FUNCTION = YES;
				GCC_WARN_UNUSED_VARIABLE = YES;
				IPHONEOS_DEPLOYMENT_TARGET = 16.4;
				MTL_ENABLE_DEBUG_INFO = NO;
				MTL_FAST_MATH = YES;
				SDKROOT = iphoneos;
				SWIFT_COMPILATION_MODE = wholemodule;
				SWIFT_OPTIMIZATION_LEVEL = "-O";
				VALIDATE_PRODUCT = YES;
			};
			name = Release;
		};
		179782452B3B29F200F440E1 /* Debug */ = {
			isa = XCBuildConfiguration;
			buildSettings = {
				ASSETCATALOG_COMPILER_APPICON_NAME = AppIcon;
				ASSETCATALOG_COMPILER_GLOBAL_ACCENT_COLOR_NAME = AccentColor;
				CODE_SIGN_STYLE = Automatic;
				CURRENT_PROJECT_VERSION = 1;
				DEVELOPMENT_ASSET_PATHS = "\"ChristmasCard/Preview Content\"";
				DEVELOPMENT_TEAM = 7X48R5E6LJ;
				ENABLE_PREVIEWS = YES;
				GENERATE_INFOPLIST_FILE = YES;
				INFOPLIST_KEY_UIApplicationSceneManifest_Generation = YES;
				INFOPLIST_KEY_UIApplicationSupportsIndirectInputEvents = YES;
				INFOPLIST_KEY_UILaunchScreen_Generation = YES;
				INFOPLIST_KEY_UISupportedInterfaceOrientations_iPad = "UIInterfaceOrientationPortrait UIInterfaceOrientationPortraitUpsideDown UIInterfaceOrientationLandscapeLeft UIInterfaceOrientationLandscapeRight";
				INFOPLIST_KEY_UISupportedInterfaceOrientations_iPhone = "UIInterfaceOrientationPortrait UIInterfaceOrientationLandscapeLeft UIInterfaceOrientationLandscapeRight";
				LD_RUNPATH_SEARCH_PATHS = (
					"$(inherited)",
					"@executable_path/Frameworks",
				);
				MARKETING_VERSION = 1.0;
				PRODUCT_BUNDLE_IDENTIFIER = com.napps.ChristmasCard;
				PRODUCT_NAME = "$(TARGET_NAME)";
				SWIFT_EMIT_LOC_STRINGS = YES;
				SWIFT_VERSION = 5.0;
				TARGETED_DEVICE_FAMILY = "1,2";
			};
			name = Debug;
		};
		179782462B3B29F200F440E1 /* Release */ = {
			isa = XCBuildConfiguration;
			buildSettings = {
				ASSETCATALOG_COMPILER_APPICON_NAME = AppIcon;
				ASSETCATALOG_COMPILER_GLOBAL_ACCENT_COLOR_NAME = AccentColor;
				CODE_SIGN_STYLE = Automatic;
				CURRENT_PROJECT_VERSION = 1;
				DEVELOPMENT_ASSET_PATHS = "\"ChristmasCard/Preview Content\"";
				DEVELOPMENT_TEAM = 7X48R5E6LJ;
				ENABLE_PREVIEWS = YES;
				GENERATE_INFOPLIST_FILE = YES;
				INFOPLIST_KEY_UIApplicationSceneManifest_Generation = YES;
				INFOPLIST_KEY_UIApplicationSupportsIndirectInputEvents = YES;
				INFOPLIST_KEY_UILaunchScreen_Generation = YES;
				INFOPLIST_KEY_UISupportedInterfaceOrientations_iPad = "UIInterfaceOrientationPortrait UIInterfaceOrientationPortraitUpsideDown UIInterfaceOrientationLandscapeLeft UIInterfaceOrientationLandscapeRight";
				INFOPLIST_KEY_UISupportedInterfaceOrientations_iPhone = "UIInterfaceOrientationPortrait UIInterfaceOrientationLandscapeLeft UIInterfaceOrientationLandscapeRight";
				LD_RUNPATH_SEARCH_PATHS = (
					"$(inherited)",
					"@executable_path/Frameworks",
				);
				MARKETING_VERSION = 1.0;
				PRODUCT_BUNDLE_IDENTIFIER = com.napps.ChristmasCard;
				PRODUCT_NAME = "$(TARGET_NAME)";
				SWIFT_EMIT_LOC_STRINGS = YES;
				SWIFT_VERSION = 5.0;
				TARGETED_DEVICE_FAMILY = "1,2";
			};
			name = Release;
		};
		179782482B3B29F200F440E1 /* Debug */ = {
			isa = XCBuildConfiguration;
			buildSettings = {
				ALWAYS_EMBED_SWIFT_STANDARD_LIBRARIES = YES;
				BUNDLE_LOADER = "$(TEST_HOST)";
				CODE_SIGN_STYLE = Automatic;
				CURRENT_PROJECT_VERSION = 1;
				DEVELOPMENT_TEAM = 7X48R5E6LJ;
				GENERATE_INFOPLIST_FILE = YES;
				IPHONEOS_DEPLOYMENT_TARGET = 16.4;
				MARKETING_VERSION = 1.0;
				PRODUCT_BUNDLE_IDENTIFIER = com.napps.ChristmasCardTests;
				PRODUCT_NAME = "$(TARGET_NAME)";
				SWIFT_EMIT_LOC_STRINGS = NO;
				SWIFT_VERSION = 5.0;
				TARGETED_DEVICE_FAMILY = "1,2";
				TEST_HOST = "$(BUILT_PRODUCTS_DIR)/ChristmasCard.app/$(BUNDLE_EXECUTABLE_FOLDER_PATH)/ChristmasCard";
			};
			name = Debug;
		};
		179782492B3B29F200F440E1 /* Release */ = {
			isa = XCBuildConfiguration;
			buildSettings = {
				ALWAYS_EMBED_SWIFT_STANDARD_LIBRARIES = YES;
				BUNDLE_LOADER = "$(TEST_HOST)";
				CODE_SIGN_STYLE = Automatic;
				CURRENT_PROJECT_VERSION = 1;
				DEVELOPMENT_TEAM = 7X48R5E6LJ;
				GENERATE_INFOPLIST_FILE = YES;
				IPHONEOS_DEPLOYMENT_TARGET = 16.4;
				MARKETING_VERSION = 1.0;
				PRODUCT_BUNDLE_IDENTIFIER = com.napps.ChristmasCardTests;
				PRODUCT_NAME = "$(TARGET_NAME)";
				SWIFT_EMIT_LOC_STRINGS = NO;
				SWIFT_VERSION = 5.0;
				TARGETED_DEVICE_FAMILY = "1,2";
				TEST_HOST = "$(BUILT_PRODUCTS_DIR)/ChristmasCard.app/$(BUNDLE_EXECUTABLE_FOLDER_PATH)/ChristmasCard";
			};
			name = Release;
		};
		1797824B2B3B29F200F440E1 /* Debug */ = {
			isa = XCBuildConfiguration;
			buildSettings = {
				ALWAYS_EMBED_SWIFT_STANDARD_LIBRARIES = YES;
				CODE_SIGN_STYLE = Automatic;
				CURRENT_PROJECT_VERSION = 1;
				DEVELOPMENT_TEAM = 7X48R5E6LJ;
				GENERATE_INFOPLIST_FILE = YES;
				MARKETING_VERSION = 1.0;
				PRODUCT_BUNDLE_IDENTIFIER = com.napps.ChristmasCardUITests;
				PRODUCT_NAME = "$(TARGET_NAME)";
				SWIFT_EMIT_LOC_STRINGS = NO;
				SWIFT_VERSION = 5.0;
				TARGETED_DEVICE_FAMILY = "1,2";
				TEST_TARGET_NAME = ChristmasCard;
			};
			name = Debug;
		};
		1797824C2B3B29F200F440E1 /* Release */ = {
			isa = XCBuildConfiguration;
			buildSettings = {
				ALWAYS_EMBED_SWIFT_STANDARD_LIBRARIES = YES;
				CODE_SIGN_STYLE = Automatic;
				CURRENT_PROJECT_VERSION = 1;
				DEVELOPMENT_TEAM = 7X48R5E6LJ;
				GENERATE_INFOPLIST_FILE = YES;
				MARKETING_VERSION = 1.0;
				PRODUCT_BUNDLE_IDENTIFIER = com.napps.ChristmasCardUITests;
				PRODUCT_NAME = "$(TARGET_NAME)";
				SWIFT_EMIT_LOC_STRINGS = NO;
				SWIFT_VERSION = 5.0;
				TARGETED_DEVICE_FAMILY = "1,2";
				TEST_TARGET_NAME = ChristmasCard;
			};
			name = Release;
		};
/* End XCBuildConfiguration section */

/* Begin XCConfigurationList section */
		1797821B2B3B29F000F440E1 /* Build configuration list for PBXProject "ChristmasCard" */ = {
			isa = XCConfigurationList;
			buildConfigurations = (
				179782422B3B29F200F440E1 /* Debug */,
				179782432B3B29F200F440E1 /* Release */,
			);
			defaultConfigurationIsVisible = 0;
			defaultConfigurationName = Release;
		};
		179782442B3B29F200F440E1 /* Build configuration list for PBXNativeTarget "ChristmasCard" */ = {
			isa = XCConfigurationList;
			buildConfigurations = (
				179782452B3B29F200F440E1 /* Debug */,
				179782462B3B29F200F440E1 /* Release */,
			);
			defaultConfigurationIsVisible = 0;
			defaultConfigurationName = Release;
		};
		179782472B3B29F200F440E1 /* Build configuration list for PBXNativeTarget "ChristmasCardTests" */ = {
			isa = XCConfigurationList;
			buildConfigurations = (
				179782482B3B29F200F440E1 /* Debug */,
				179782492B3B29F200F440E1 /* Release */,
			);
			defaultConfigurationIsVisible = 0;
			defaultConfigurationName = Release;
		};
		1797824A2B3B29F200F440E1 /* Build configuration list for PBXNativeTarget "ChristmasCardUITests" */ = {
			isa = XCConfigurationList;
			buildConfigurations = (
				1797824B2B3B29F200F440E1 /* Debug */,
				1797824C2B3B29F200F440E1 /* Release */,
			);
			defaultConfigurationIsVisible = 0;
			defaultConfigurationName = Release;
		};
/* End XCConfigurationList section */
	};
	rootObject = 179782182B3B29F000F440E1 /* Project object */;
}
